// !$*UTF8*$!
{
	archiveVersion = 1;
	classes = {
	};
	objectVersion = 46;
	objects = {

/* Begin PBXBuildFile section */
		072A829B18CC2450001E640B /* NSError+Additions.m in Sources */ = {isa = PBXBuildFile; fileRef = 072A829818CC2450001E640B /* NSError+Additions.m */; };
		072A829C18CC2450001E640B /* NSString+Additions.m in Sources */ = {isa = PBXBuildFile; fileRef = 072A829A18CC2450001E640B /* NSString+Additions.m */; };
		074A7B5218CAC98F00A03068 /* libFTPKit.a in Frameworks */ = {isa = PBXBuildFile; fileRef = F27BA1CE1802FE7E00584A9E /* libFTPKit.a */; };
		076BD40018CD18CC00517DEE /* Foundation.framework in Frameworks */ = {isa = PBXBuildFile; fileRef = F27BA1D11802FE7E00584A9E /* Foundation.framework */; };
		076BD40518CD198D00517DEE /* FTPCredentials.h in CopyFiles */ = {isa = PBXBuildFile; fileRef = F27BA2051802FF1800584A9E /* FTPCredentials.h */; };
		076BD40618CD199100517DEE /* FTPHandle.h in CopyFiles */ = {isa = PBXBuildFile; fileRef = F27BA1FB1802FF1800584A9E /* FTPHandle.h */; };
		076BD46318CFB76E00517DEE /* ftplib.c in Sources */ = {isa = PBXBuildFile; fileRef = 076BD46118CFB76E00517DEE /* ftplib.c */; };
		07942E2618D014E5006BA28E /* ftplib.h in CopyFiles */ = {isa = PBXBuildFile; fileRef = 076BD46218CFB76E00517DEE /* ftplib.h */; };
		07B145B318CD1489006AD84A /* FTPKit.h in CopyFiles */ = {isa = PBXBuildFile; fileRef = F27BA1D61802FE7E00584A9E /* FTPKit.h */; };
		07B145B418CD148D006AD84A /* FTPClient.h in CopyFiles */ = {isa = PBXBuildFile; fileRef = F27BA1F71802FF1800584A9E /* FTPClient.h */; };
		07F23C4A18CA4C43002BDF93 /* XCTest.framework in Frameworks */ = {isa = PBXBuildFile; fileRef = 07F23C4918CA4C43002BDF93 /* XCTest.framework */; };
		07F23C4B18CA4C43002BDF93 /* Foundation.framework in Frameworks */ = {isa = PBXBuildFile; fileRef = F27BA1D11802FE7E00584A9E /* Foundation.framework */; };
		07F23C4D18CA4C43002BDF93 /* UIKit.framework in Frameworks */ = {isa = PBXBuildFile; fileRef = 07F23C4C18CA4C43002BDF93 /* UIKit.framework */; };
		07F23C5318CA4C43002BDF93 /* InfoPlist.strings in Resources */ = {isa = PBXBuildFile; fileRef = 07F23C5118CA4C43002BDF93 /* InfoPlist.strings */; };
		07F23C5518CA4C43002BDF93 /* FTPKit_Tests.m in Sources */ = {isa = PBXBuildFile; fileRef = 07F23C5418CA4C43002BDF93 /* FTPKit_Tests.m */; };
		F27BA20B1802FF1800584A9E /* FTPClient.m in Sources */ = {isa = PBXBuildFile; fileRef = F27BA1F81802FF1800584A9E /* FTPClient.m */; };
		F27BA20D1802FF1800584A9E /* FTPHandle.m in Sources */ = {isa = PBXBuildFile; fileRef = F27BA1FC1802FF1800584A9E /* FTPHandle.m */; };
		F27BA2121802FF1800584A9E /* FTPCredentials.m in Sources */ = {isa = PBXBuildFile; fileRef = F27BA2061802FF1800584A9E /* FTPCredentials.m */; };
/* End PBXBuildFile section */

/* Begin PBXContainerItemProxy section */
		07F23C5718CA4C43002BDF93 /* PBXContainerItemProxy */ = {
			isa = PBXContainerItemProxy;
			containerPortal = F27BA1C61802FE7E00584A9E /* Project object */;
			proxyType = 1;
			remoteGlobalIDString = F27BA1CD1802FE7E00584A9E;
			remoteInfo = FTPKit;
		};
/* End PBXContainerItemProxy section */

/* Begin PBXCopyFilesBuildPhase section */
		07B145B218CD1480006AD84A /* CopyFiles */ = {
			isa = PBXCopyFilesBuildPhase;
			buildActionMask = 2147483647;
			dstPath = "include/${PRODUCT_NAME}";
			dstSubfolderSpec = 16;
			files = (
				07942E2618D014E5006BA28E /* ftplib.h in CopyFiles */,
				07B145B318CD1489006AD84A /* FTPKit.h in CopyFiles */,
				07B145B418CD148D006AD84A /* FTPClient.h in CopyFiles */,
				076BD40518CD198D00517DEE /* FTPCredentials.h in CopyFiles */,
				076BD40618CD199100517DEE /* FTPHandle.h in CopyFiles */,
			);
			runOnlyForDeploymentPostprocessing = 0;
		};
/* End PBXCopyFilesBuildPhase section */

/* Begin PBXFileReference section */
		072A829718CC2450001E640B /* NSError+Additions.h */ = {isa = PBXFileReference; fileEncoding = 4; lastKnownFileType = sourcecode.c.h; name = "NSError+Additions.h"; path = "Categories/NSError+Additions.h"; sourceTree = "<group>"; };
		072A829818CC2450001E640B /* NSError+Additions.m */ = {isa = PBXFileReference; fileEncoding = 4; lastKnownFileType = sourcecode.c.objc; name = "NSError+Additions.m"; path = "Categories/NSError+Additions.m"; sourceTree = "<group>"; };
		072A829918CC2450001E640B /* NSString+Additions.h */ = {isa = PBXFileReference; fileEncoding = 4; lastKnownFileType = sourcecode.c.h; name = "NSString+Additions.h"; path = "Categories/NSString+Additions.h"; sourceTree = "<group>"; };
		072A829A18CC2450001E640B /* NSString+Additions.m */ = {isa = PBXFileReference; fileEncoding = 4; lastKnownFileType = sourcecode.c.objc; name = "NSString+Additions.m"; path = "Categories/NSString+Additions.m"; sourceTree = "<group>"; };
		076BD46118CFB76E00517DEE /* ftplib.c */ = {isa = PBXFileReference; fileEncoding = 4; lastKnownFileType = sourcecode.c.c; name = ftplib.c; path = Libraries/include/ftplib/src/ftplib.c; sourceTree = SOURCE_ROOT; };
		076BD46218CFB76E00517DEE /* ftplib.h */ = {isa = PBXFileReference; fileEncoding = 4; lastKnownFileType = sourcecode.c.h; name = ftplib.h; path = Libraries/include/ftplib/src/ftplib.h; sourceTree = SOURCE_ROOT; };
		07F23C4318CA33FC002BDF93 /* FTPKit+Protected.h */ = {isa = PBXFileReference; lastKnownFileType = sourcecode.c.h; name = "FTPKit+Protected.h"; path = "Protected/FTPKit+Protected.h"; sourceTree = "<group>"; };
		07F23C4818CA4C43002BDF93 /* FTPKit Tests.xctest */ = {isa = PBXFileReference; explicitFileType = wrapper.cfbundle; includeInIndex = 0; path = "FTPKit Tests.xctest"; sourceTree = BUILT_PRODUCTS_DIR; };
		07F23C4918CA4C43002BDF93 /* XCTest.framework */ = {isa = PBXFileReference; lastKnownFileType = wrapper.framework; name = XCTest.framework; path = Library/Frameworks/XCTest.framework; sourceTree = DEVELOPER_DIR; };
		07F23C4C18CA4C43002BDF93 /* UIKit.framework */ = {isa = PBXFileReference; lastKnownFileType = wrapper.framework; name = UIKit.framework; path = Library/Frameworks/UIKit.framework; sourceTree = DEVELOPER_DIR; };
		07F23C5018CA4C43002BDF93 /* FTPKit Tests-Info.plist */ = {isa = PBXFileReference; lastKnownFileType = text.plist.xml; path = "FTPKit Tests-Info.plist"; sourceTree = "<group>"; };
		07F23C5218CA4C43002BDF93 /* en */ = {isa = PBXFileReference; lastKnownFileType = text.plist.strings; name = en; path = en.lproj/InfoPlist.strings; sourceTree = "<group>"; };
		07F23C5418CA4C43002BDF93 /* FTPKit_Tests.m */ = {isa = PBXFileReference; lastKnownFileType = sourcecode.c.objc; path = FTPKit_Tests.m; sourceTree = "<group>"; };
		07F23C5618CA4C43002BDF93 /* FTPKit Tests-Prefix.pch */ = {isa = PBXFileReference; lastKnownFileType = sourcecode.c.h; path = "FTPKit Tests-Prefix.pch"; sourceTree = "<group>"; };
		F27BA1CE1802FE7E00584A9E /* libFTPKit.a */ = {isa = PBXFileReference; explicitFileType = archive.ar; includeInIndex = 0; path = libFTPKit.a; sourceTree = BUILT_PRODUCTS_DIR; };
		F27BA1D11802FE7E00584A9E /* Foundation.framework */ = {isa = PBXFileReference; lastKnownFileType = wrapper.framework; name = Foundation.framework; path = System/Library/Frameworks/Foundation.framework; sourceTree = SDKROOT; };
		F27BA1D51802FE7E00584A9E /* FTPKit-Prefix.pch */ = {isa = PBXFileReference; lastKnownFileType = sourcecode.c.h; path = "FTPKit-Prefix.pch"; sourceTree = "<group>"; };
		F27BA1D61802FE7E00584A9E /* FTPKit.h */ = {isa = PBXFileReference; lastKnownFileType = sourcecode.c.h; path = FTPKit.h; sourceTree = "<group>"; };
		F27BA1F71802FF1800584A9E /* FTPClient.h */ = {isa = PBXFileReference; fileEncoding = 4; lastKnownFileType = sourcecode.c.h; path = FTPClient.h; sourceTree = "<group>"; };
		F27BA1F81802FF1800584A9E /* FTPClient.m */ = {isa = PBXFileReference; fileEncoding = 4; lastKnownFileType = sourcecode.c.objc; path = FTPClient.m; sourceTree = "<group>"; };
		F27BA1FB1802FF1800584A9E /* FTPHandle.h */ = {isa = PBXFileReference; fileEncoding = 4; lastKnownFileType = sourcecode.c.h; path = FTPHandle.h; sourceTree = "<group>"; };
		F27BA1FC1802FF1800584A9E /* FTPHandle.m */ = {isa = PBXFileReference; fileEncoding = 4; lastKnownFileType = sourcecode.c.objc; path = FTPHandle.m; sourceTree = "<group>"; };
		F27BA2051802FF1800584A9E /* FTPCredentials.h */ = {isa = PBXFileReference; fileEncoding = 4; lastKnownFileType = sourcecode.c.h; path = FTPCredentials.h; sourceTree = "<group>"; };
		F27BA2061802FF1800584A9E /* FTPCredentials.m */ = {isa = PBXFileReference; fileEncoding = 4; lastKnownFileType = sourcecode.c.objc; path = FTPCredentials.m; sourceTree = "<group>"; };
/* End PBXFileReference section */

/* Begin PBXFrameworksBuildPhase section */
		07F23C4518CA4C43002BDF93 /* Frameworks */ = {
			isa = PBXFrameworksBuildPhase;
			buildActionMask = 2147483647;
			files = (
				074A7B5218CAC98F00A03068 /* libFTPKit.a in Frameworks */,
				07F23C4A18CA4C43002BDF93 /* XCTest.framework in Frameworks */,
				07F23C4D18CA4C43002BDF93 /* UIKit.framework in Frameworks */,
				07F23C4B18CA4C43002BDF93 /* Foundation.framework in Frameworks */,
			);
			runOnlyForDeploymentPostprocessing = 0;
		};
		F27BA1CB1802FE7E00584A9E /* Frameworks */ = {
			isa = PBXFrameworksBuildPhase;
			buildActionMask = 2147483647;
			files = (
				076BD40018CD18CC00517DEE /* Foundation.framework in Frameworks */,
			);
			runOnlyForDeploymentPostprocessing = 0;
		};
/* End PBXFrameworksBuildPhase section */

/* Begin PBXGroup section */
		072A829618CC2442001E640B /* Categories */ = {
			isa = PBXGroup;
			children = (
				072A829718CC2450001E640B /* NSError+Additions.h */,
				072A829818CC2450001E640B /* NSError+Additions.m */,
				072A829918CC2450001E640B /* NSString+Additions.h */,
				072A829A18CC2450001E640B /* NSString+Additions.m */,
			);
			name = Categories;
			sourceTree = "<group>";
		};
		072A82BA18CC48DE001E640B /* Libraries */ = {
			isa = PBXGroup;
			children = (
				072A82BC18CC4909001E640B /* ftplib */,
				072A82BB18CC48FB001E640B /* libs */,
			);
			name = Libraries;
			sourceTree = "<group>";
		};
		072A82BB18CC48FB001E640B /* libs */ = {
			isa = PBXGroup;
			children = (
			);
			name = libs;
			sourceTree = "<group>";
		};
		072A82BC18CC4909001E640B /* ftplib */ = {
			isa = PBXGroup;
			children = (
				076BD46218CFB76E00517DEE /* ftplib.h */,
				076BD46118CFB76E00517DEE /* ftplib.c */,
			);
			name = ftplib;
			sourceTree = "<group>";
		};
		07F23C4E18CA4C43002BDF93 /* FTPKit Tests */ = {
			isa = PBXGroup;
			children = (
				07F23C5418CA4C43002BDF93 /* FTPKit_Tests.m */,
				07F23C4F18CA4C43002BDF93 /* Supporting Files */,
			);
			path = "FTPKit Tests";
			sourceTree = "<group>";
		};
		07F23C4F18CA4C43002BDF93 /* Supporting Files */ = {
			isa = PBXGroup;
			children = (
				07F23C5018CA4C43002BDF93 /* FTPKit Tests-Info.plist */,
				07F23C5118CA4C43002BDF93 /* InfoPlist.strings */,
				07F23C5618CA4C43002BDF93 /* FTPKit Tests-Prefix.pch */,
			);
			name = "Supporting Files";
			sourceTree = "<group>";
		};
		F27BA1C51802FE7E00584A9E = {
			isa = PBXGroup;
			children = (
				F27BA1D31802FE7E00584A9E /* FTPKit */,
				07F23C4E18CA4C43002BDF93 /* FTPKit Tests */,
				F27BA1D01802FE7E00584A9E /* Frameworks */,
				F27BA1CF1802FE7E00584A9E /* Products */,
			);
			sourceTree = "<group>";
		};
		F27BA1CF1802FE7E00584A9E /* Products */ = {
			isa = PBXGroup;
			children = (
				F27BA1CE1802FE7E00584A9E /* libFTPKit.a */,
				07F23C4818CA4C43002BDF93 /* FTPKit Tests.xctest */,
			);
			name = Products;
			sourceTree = "<group>";
		};
		F27BA1D01802FE7E00584A9E /* Frameworks */ = {
			isa = PBXGroup;
			children = (
				F27BA1D11802FE7E00584A9E /* Foundation.framework */,
				07F23C4918CA4C43002BDF93 /* XCTest.framework */,
				07F23C4C18CA4C43002BDF93 /* UIKit.framework */,
			);
			name = Frameworks;
			sourceTree = "<group>";
		};
		F27BA1D31802FE7E00584A9E /* FTPKit */ = {
			isa = PBXGroup;
			children = (
				F27BA1D61802FE7E00584A9E /* FTPKit.h */,
				F27BA1F71802FF1800584A9E /* FTPClient.h */,
				F27BA1F81802FF1800584A9E /* FTPClient.m */,
				F27BA2051802FF1800584A9E /* FTPCredentials.h */,
				F27BA2061802FF1800584A9E /* FTPCredentials.m */,
				F27BA1FB1802FF1800584A9E /* FTPHandle.h */,
				F27BA1FC1802FF1800584A9E /* FTPHandle.m */,
				072A829618CC2442001E640B /* Categories */,
				072A82BA18CC48DE001E640B /* Libraries */,
				F27BA1D41802FE7E00584A9E /* Supporting Files */,
			);
			path = FTPKit;
			sourceTree = "<group>";
		};
		F27BA1D41802FE7E00584A9E /* Supporting Files */ = {
			isa = PBXGroup;
			children = (
				F27BA1D51802FE7E00584A9E /* FTPKit-Prefix.pch */,
				07F23C4318CA33FC002BDF93 /* FTPKit+Protected.h */,
			);
			name = "Supporting Files";
			sourceTree = "<group>";
		};
/* End PBXGroup section */

/* Begin PBXNativeTarget section */
		07F23C4718CA4C43002BDF93 /* FTPKit Tests */ = {
			isa = PBXNativeTarget;
			buildConfigurationList = 07F23C5B18CA4C43002BDF93 /* Build configuration list for PBXNativeTarget "FTPKit Tests" */;
			buildPhases = (
				07F23C4418CA4C43002BDF93 /* Sources */,
				07F23C4518CA4C43002BDF93 /* Frameworks */,
				07F23C4618CA4C43002BDF93 /* Resources */,
			);
			buildRules = (
			);
			dependencies = (
				07F23C5818CA4C43002BDF93 /* PBXTargetDependency */,
			);
			name = "FTPKit Tests";
			productName = "FTPKit Tests";
			productReference = 07F23C4818CA4C43002BDF93 /* FTPKit Tests.xctest */;
			productType = "com.apple.product-type.bundle.unit-test";
		};
		F27BA1CD1802FE7E00584A9E /* FTPKit */ = {
			isa = PBXNativeTarget;
			buildConfigurationList = F27BA1F11802FE7E00584A9E /* Build configuration list for PBXNativeTarget "FTPKit" */;
			buildPhases = (
				F27BA1CA1802FE7E00584A9E /* Sources */,
				F27BA1CB1802FE7E00584A9E /* Frameworks */,
				07B145B218CD1480006AD84A /* CopyFiles */,
			);
			buildRules = (
			);
			dependencies = (
			);
			name = FTPKit;
			productName = FTPKit;
			productReference = F27BA1CE1802FE7E00584A9E /* libFTPKit.a */;
			productType = "com.apple.product-type.library.static";
		};
/* End PBXNativeTarget section */

/* Begin PBXProject section */
		F27BA1C61802FE7E00584A9E /* Project object */ = {
			isa = PBXProject;
			attributes = {
				LastUpgradeCheck = 0510;
				ORGANIZATIONNAME = "Upstart Illustration LLC";
				TargetAttributes = {
					07F23C4718CA4C43002BDF93 = {
						TestTargetID = F27BA1CD1802FE7E00584A9E;
					};
				};
			};
			buildConfigurationList = F27BA1C91802FE7E00584A9E /* Build configuration list for PBXProject "FTPKit" */;
			compatibilityVersion = "Xcode 3.2";
			developmentRegion = English;
			hasScannedForEncodings = 0;
			knownRegions = (
				en,
			);
			mainGroup = F27BA1C51802FE7E00584A9E;
			productRefGroup = F27BA1CF1802FE7E00584A9E /* Products */;
			projectDirPath = "";
			projectRoot = "";
			targets = (
				F27BA1CD1802FE7E00584A9E /* FTPKit */,
				07F23C4718CA4C43002BDF93 /* FTPKit Tests */,
			);
		};
/* End PBXProject section */

/* Begin PBXResourcesBuildPhase section */
		07F23C4618CA4C43002BDF93 /* Resources */ = {
			isa = PBXResourcesBuildPhase;
			buildActionMask = 2147483647;
			files = (
				07F23C5318CA4C43002BDF93 /* InfoPlist.strings in Resources */,
			);
			runOnlyForDeploymentPostprocessing = 0;
		};
/* End PBXResourcesBuildPhase section */

/* Begin PBXSourcesBuildPhase section */
		07F23C4418CA4C43002BDF93 /* Sources */ = {
			isa = PBXSourcesBuildPhase;
			buildActionMask = 2147483647;
			files = (
				07F23C5518CA4C43002BDF93 /* FTPKit_Tests.m in Sources */,
			);
			runOnlyForDeploymentPostprocessing = 0;
		};
		F27BA1CA1802FE7E00584A9E /* Sources */ = {
			isa = PBXSourcesBuildPhase;
			buildActionMask = 2147483647;
			files = (
				076BD46318CFB76E00517DEE /* ftplib.c in Sources */,
				F27BA2121802FF1800584A9E /* FTPCredentials.m in Sources */,
				F27BA20D1802FF1800584A9E /* FTPHandle.m in Sources */,
				F27BA20B1802FF1800584A9E /* FTPClient.m in Sources */,
				072A829C18CC2450001E640B /* NSString+Additions.m in Sources */,
				072A829B18CC2450001E640B /* NSError+Additions.m in Sources */,
			);
			runOnlyForDeploymentPostprocessing = 0;
		};
/* End PBXSourcesBuildPhase section */

/* Begin PBXTargetDependency section */
		07F23C5818CA4C43002BDF93 /* PBXTargetDependency */ = {
			isa = PBXTargetDependency;
			target = F27BA1CD1802FE7E00584A9E /* FTPKit */;
			targetProxy = 07F23C5718CA4C43002BDF93 /* PBXContainerItemProxy */;
		};
/* End PBXTargetDependency section */

/* Begin PBXVariantGroup section */
		07F23C5118CA4C43002BDF93 /* InfoPlist.strings */ = {
			isa = PBXVariantGroup;
			children = (
				07F23C5218CA4C43002BDF93 /* en */,
			);
			name = InfoPlist.strings;
			sourceTree = "<group>";
		};
/* End PBXVariantGroup section */

/* Begin XCBuildConfiguration section */
		07F23C5918CA4C43002BDF93 /* Debug */ = {
			isa = XCBuildConfiguration;
			buildSettings = {
				CLANG_ENABLE_OBJC_ARC = YES;
				FRAMEWORK_SEARCH_PATHS = (
					"$(SDKROOT)/Developer/Library/Frameworks",
					"$(inherited)",
					"$(DEVELOPER_FRAMEWORKS_DIR)",
				);
				GCC_PRECOMPILE_PREFIX_HEADER = YES;
				GCC_PREFIX_HEADER = "FTPKit Tests/FTPKit Tests-Prefix.pch";
				GCC_PREPROCESSOR_DEFINITIONS = (
					"DEBUG=1",
					"$(inherited)",
				);
				INFOPLIST_FILE = "FTPKit Tests/FTPKit Tests-Info.plist";
				PRODUCT_NAME = "$(TARGET_NAME)";
				WRAPPER_EXTENSION = xctest;
			};
			name = Debug;
		};
		07F23C5A18CA4C43002BDF93 /* Release */ = {
			isa = XCBuildConfiguration;
			buildSettings = {
				CLANG_ENABLE_OBJC_ARC = YES;
				FRAMEWORK_SEARCH_PATHS = (
					"$(SDKROOT)/Developer/Library/Frameworks",
					"$(inherited)",
					"$(DEVELOPER_FRAMEWORKS_DIR)",
				);
				GCC_PRECOMPILE_PREFIX_HEADER = YES;
				GCC_PREFIX_HEADER = "FTPKit Tests/FTPKit Tests-Prefix.pch";
				INFOPLIST_FILE = "FTPKit Tests/FTPKit Tests-Info.plist";
				PRODUCT_NAME = "$(TARGET_NAME)";
				WRAPPER_EXTENSION = xctest;
			};
			name = Release;
		};
		F27BA1EF1802FE7E00584A9E /* Debug */ = {
			isa = XCBuildConfiguration;
			buildSettings = {
				ALWAYS_SEARCH_USER_PATHS = NO;
				CLANG_CXX_LANGUAGE_STANDARD = "gnu++0x";
				CLANG_CXX_LIBRARY = "libc++";
				CLANG_ENABLE_MODULES = YES;
				CLANG_ENABLE_OBJC_ARC = NO;
				CLANG_WARN_BOOL_CONVERSION = YES;
				CLANG_WARN_CONSTANT_CONVERSION = YES;
				CLANG_WARN_DIRECT_OBJC_ISA_USAGE = YES_ERROR;
				CLANG_WARN_EMPTY_BODY = YES;
				CLANG_WARN_ENUM_CONVERSION = YES;
				CLANG_WARN_INT_CONVERSION = YES;
				CLANG_WARN_OBJC_ROOT_CLASS = YES_ERROR;
				CLANG_WARN__DUPLICATE_METHOD_MATCH = YES;
				COPY_PHASE_STRIP = NO;
				GCC_C_LANGUAGE_STANDARD = gnu99;
				GCC_DYNAMIC_NO_PIC = NO;
				GCC_OPTIMIZATION_LEVEL = 0;
				GCC_PREPROCESSOR_DEFINITIONS = (
					"DEBUG=1",
					"$(inherited)",
				);
				GCC_SYMBOLS_PRIVATE_EXTERN = NO;
				GCC_WARN_64_TO_32_BIT_CONVERSION = YES;
				GCC_WARN_ABOUT_RETURN_TYPE = YES_ERROR;
				GCC_WARN_UNDECLARED_SELECTOR = YES;
				GCC_WARN_UNINITIALIZED_AUTOS = YES;
				GCC_WARN_UNUSED_FUNCTION = YES;
				GCC_WARN_UNUSED_VARIABLE = YES;
				IPHONEOS_DEPLOYMENT_TARGET = 7.0;
				ONLY_ACTIVE_ARCH = YES;
				OTHER_LDFLAGS = (
					"-ObjC",
					"-all_load",
				);
				SDKROOT = iphoneos;
			};
			name = Debug;
		};
		F27BA1F01802FE7E00584A9E /* Release */ = {
			isa = XCBuildConfiguration;
			buildSettings = {
				ALWAYS_SEARCH_USER_PATHS = NO;
				CLANG_CXX_LANGUAGE_STANDARD = "gnu++0x";
				CLANG_CXX_LIBRARY = "libc++";
				CLANG_ENABLE_MODULES = YES;
				CLANG_ENABLE_OBJC_ARC = NO;
				CLANG_WARN_BOOL_CONVERSION = YES;
				CLANG_WARN_CONSTANT_CONVERSION = YES;
				CLANG_WARN_DIRECT_OBJC_ISA_USAGE = YES_ERROR;
				CLANG_WARN_EMPTY_BODY = YES;
				CLANG_WARN_ENUM_CONVERSION = YES;
				CLANG_WARN_INT_CONVERSION = YES;
				CLANG_WARN_OBJC_ROOT_CLASS = YES_ERROR;
				CLANG_WARN__DUPLICATE_METHOD_MATCH = YES;
				COPY_PHASE_STRIP = YES;
				ENABLE_NS_ASSERTIONS = NO;
				GCC_C_LANGUAGE_STANDARD = gnu99;
				GCC_WARN_64_TO_32_BIT_CONVERSION = YES;
				GCC_WARN_ABOUT_RETURN_TYPE = YES_ERROR;
				GCC_WARN_UNDECLARED_SELECTOR = YES;
				GCC_WARN_UNINITIALIZED_AUTOS = YES;
				GCC_WARN_UNUSED_FUNCTION = YES;
				GCC_WARN_UNUSED_VARIABLE = YES;
				IPHONEOS_DEPLOYMENT_TARGET = 7.0;
				OTHER_LDFLAGS = (
					"-ObjC",
					"-all_load",
				);
				SDKROOT = iphoneos;
				VALIDATE_PRODUCT = YES;
			};
			name = Release;
		};
		F27BA1F21802FE7E00584A9E /* Debug */ = {
			isa = XCBuildConfiguration;
			buildSettings = {
				CLANG_ENABLE_MODULES = NO;
				CLANG_ENABLE_OBJC_ARC = YES;
				CURRENT_PROJECT_VERSION = 1.0.0;
				DEAD_CODE_STRIPPING = YES;
				DSTROOT = /tmp/FTPKit.dst;
				GCC_GENERATE_DEBUGGING_SYMBOLS = YES;
				GCC_PRECOMPILE_PREFIX_HEADER = YES;
				GCC_PREFIX_HEADER = "FTPKit/FTPKit-Prefix.pch";
				INSTALL_PATH = /usr/local/lib;
				LIBRARY_SEARCH_PATHS = "$(inherited)";
				LINK_WITH_STANDARD_LIBRARIES = YES;
				MACH_O_TYPE = staticlib;
				ONLY_ACTIVE_ARCH = YES;
				OTHER_LDFLAGS = "-ObjC";
				PRIVATE_HEADERS_FOLDER_PATH = /usr/local/include;
				PRODUCT_NAME = FTPKit;
				PUBLIC_HEADERS_FOLDER_PATH = /usr/local/include;
				SEPARATE_STRIP = YES;
				SKIP_INSTALL = YES;
				STRIP_STYLE = debugging;
				TARGETED_DEVICE_FAMILY = "1,2";
				WRAPPER_EXTENSION = "";
			};
			name = Debug;
		};
		F27BA1F31802FE7E00584A9E /* Release */ = {
			isa = XCBuildConfiguration;
			buildSettings = {
				CLANG_ENABLE_MODULES = NO;
				CLANG_ENABLE_OBJC_ARC = YES;
				CURRENT_PROJECT_VERSION = 1.0.0;
				DEAD_CODE_STRIPPING = YES;
				DSTROOT = /tmp/FTPKit.dst;
				GCC_GENERATE_DEBUGGING_SYMBOLS = YES;
				GCC_PRECOMPILE_PREFIX_HEADER = YES;
				GCC_PREFIX_HEADER = "FTPKit/FTPKit-Prefix.pch";
				GCC_PREPROCESSOR_DEFINITIONS = NDEBUG;
				INSTALL_PATH = /usr/local/lib;
				LIBRARY_SEARCH_PATHS = "$(inherited)";
				LINK_WITH_STANDARD_LIBRARIES = YES;
				MACH_O_TYPE = staticlib;
				ONLY_ACTIVE_ARCH = NO;
				OTHER_LDFLAGS = "-ObjC";
				PRIVATE_HEADERS_FOLDER_PATH = /usr/local/include;
				PRODUCT_NAME = FTPKit;
				PUBLIC_HEADERS_FOLDER_PATH = /usr/local/include;
				SEPARATE_STRIP = YES;
				SKIP_INSTALL = YES;
				STRIP_STYLE = debugging;
				TARGETED_DEVICE_FAMILY = "1,2";
				WRAPPER_EXTENSION = "";
			};
			name = Release;
		};
/* End XCBuildConfiguration section */

/* Begin XCConfigurationList section */
		07F23C5B18CA4C43002BDF93 /* Build configuration list for PBXNativeTarget "FTPKit Tests" */ = {
			isa = XCConfigurationList;
			buildConfigurations = (
				07F23C5918CA4C43002BDF93 /* Debug */,
				07F23C5A18CA4C43002BDF93 /* Release */,
			);
			defaultConfigurationIsVisible = 0;
			defaultConfigurationName = Release;
		};
		F27BA1C91802FE7E00584A9E /* Build configuration list for PBXProject "FTPKit" */ = {
			isa = XCConfigurationList;
			buildConfigurations = (
				F27BA1EF1802FE7E00584A9E /* Debug */,
				F27BA1F01802FE7E00584A9E /* Release */,
			);
			defaultConfigurationIsVisible = 0;
			defaultConfigurationName = Release;
		};
		F27BA1F11802FE7E00584A9E /* Build configuration list for PBXNativeTarget "FTPKit" */ = {
			isa = XCConfigurationList;
			buildConfigurations = (
				F27BA1F21802FE7E00584A9E /* Debug */,
				F27BA1F31802FE7E00584A9E /* Release */,
			);
			defaultConfigurationIsVisible = 0;
			defaultConfigurationName = Release;
		};
/* End XCConfigurationList section */
	};
	rootObject = F27BA1C61802FE7E00584A9E /* Project object */;
}
